{
  "version": "5",
  "remote": {
    "https://deno.land/std@0.192.0/fmt/colors.ts": "d67e3cd9f472535241a8e410d33423980bec45047e343577554d3356e1f0ef4e",
    "https://deno.land/std@0.192.0/testing/_diff.ts": "1a3c044aedf77647d6cac86b798c6417603361b66b54c53331b312caeb447aea",
    "https://deno.land/std@0.192.0/testing/_format.ts": "a69126e8a469009adf4cf2a50af889aca364c349797e63174884a52ff75cf4c7",
    "https://deno.land/std@0.192.0/testing/asserts.ts": "e16d98b4d73ffc4ed498d717307a12500ae4f2cbe668f1a215632d19fcffc22f"
  },
  "workspace": {
    "packageJson": {
      "dependencies": [
        "npm:@eslint/js@^9.39.1",
        "npm:@fontsource/michroma@^5.2.8",
        "npm:@fontsource/rajdhani@^5.2.7",
        "npm:@fontsource/roboto-mono@^5.2.8",
        "npm:@radix-ui/react-slot@^1.2.4",
        "npm:@radix-ui/react-tabs@^1.1.13",
        "npm:@react-pdf/renderer@^4.3.2",
        "npm:@stripe/react-stripe-js@^5.4.1",
        "npm:@stripe/stripe-js@^8.6.1",
        "npm:@supabase/supabase-js@^2.90.1",
        "npm:@tailwindcss/postcss@^4.1.18",
        "npm:@types/react-dom@^19.2.3",
        "npm:@types/react@^19.2.5",
        "npm:@vitejs/plugin-react@^5.1.1",
        "npm:adm-zip@~0.5.16",
        "npm:autoprefixer@^10.4.23",
        "npm:axios@^1.13.2",
        "npm:class-variance-authority@~0.7.1",
        "npm:clsx@^2.1.1",
        "npm:cors@^2.8.5",
        "npm:csv-parser@^3.2.0",
        "npm:dotenv@^17.2.3",
        "npm:eslint-plugin-react-hooks@^7.0.1",
        "npm:eslint-plugin-react-refresh@~0.4.24",
        "npm:eslint@^9.39.1",
        "npm:express@^5.2.1",
        "npm:framer-motion@^12.26.2",
        "npm:globals@^16.5.0",
        "npm:jspdf-autotable@^5.0.7",
        "npm:jspdf@4",
        "npm:lucide-react@0.562",
        "npm:pg@^8.17.1",
        "npm:postcss@^8.5.6",
        "npm:react-dom@^19.2.0",
        "npm:react-pdf-tailwind@3",
        "npm:react-router-dom@^7.12.0",
        "npm:react@^19.2.0",
        "npm:stripe@^20.1.2",
        "npm:tailwind-merge@^3.4.0",
        "npm:tailwindcss-animate@^1.0.7",
        "npm:tailwindcss@^4.1.18",
        "npm:v4@^0.0.1",
        "npm:vite@^7.2.4"
      ]
    }
  }
}
